
Microsoft Visual Studio Solution File, Format Version 12.00
# Visual Studio 15
VisualStudioVersion = 15.0.28307.572
MinimumVisualStudioVersion = 10.0.40219.1
Project("{FAE04EC0-301F-11D3-BF4B-00C04F79EFBC}") = "lista_grafos", "lista_grafos\lista_grafos.csproj", "{3360AB65-04EA-4288-A413-454F2613D416}"
EndProject
Global
	GlobalSection(SolutionConfigurationPlatforms) = preSolution
		Debug|Any CPU = Debug|Any CPU
		Release|Any CPU = Release|Any CPU
	EndGlobalSection
	GlobalSection(ProjectConfigurationPlatforms) = postSolution
		{3360AB65-04EA-4288-A413-454F2613D416}.Debug|Any CPU.ActiveCfg = Debug|Any CPU
		{3360AB65-04EA-4288-A413-454F2613D416}.Debug|Any CPU.Build.0 = Debug|Any CPU
		{3360AB65-04EA-4288-A413-454F2613D416}.Release|Any CPU.ActiveCfg = Release|Any CPU
		{3360AB65-04EA-4288-A413-454F2613D416}.Release|Any CPU.Build.0 = Release|Any CPU
	EndGlobalSection
	GlobalSection(SolutionProperties) = preSolution
		HideSolutionNode = FALSE
	EndGlobalSection
	GlobalSection(ExtensibilityGlobals) = postSolution
		SolutionGuid = {E36BA98B-F822-4358-8B4D-DC114E6E4256}
	EndGlobalSection
EndGlobal
